
Microsoft Visual Studio Solution File, Format Version 12.00
# Visual Studio Version 17
VisualStudioVersion = 17.9.34728.123
MinimumVisualStudioVersion = 10.0.40219.1
Project("{FAE04EC0-301F-11D3-BF4B-00C04F79EFBC}") = "ListenToStandby", "ListenToStandby\ListenToStandby.csproj", "{B185AE83-F7AF-463F-B47E-F0A06E98E519}"
EndProject
Global
	GlobalSection(SolutionConfigurationPlatforms) = preSolution
		Debug|Any CPU = Debug|Any CPU
		Release|Any CPU = Release|Any CPU
	EndGlobalSection
	GlobalSection(ProjectConfigurationPlatforms) = postSolution
		{B185AE83-F7AF-463F-B47E-F0A06E98E519}.Debug|Any CPU.ActiveCfg = Debug|Any CPU
		{B185AE83-F7AF-463F-B47E-F0A06E98E519}.Debug|Any CPU.Build.0 = Debug|Any CPU
		{B185AE83-F7AF-463F-B47E-F0A06E98E519}.Release|Any CPU.ActiveCfg = Release|Any CPU
		{B185AE83-F7AF-463F-B47E-F0A06E98E519}.Release|Any CPU.Build.0 = Release|Any CPU
	EndGlobalSection
	GlobalSection(SolutionProperties) = preSolution
		HideSolutionNode = FALSE
	EndGlobalSection
	GlobalSection(ExtensibilityGlobals) = postSolution
		SolutionGuid = {D795E0F7-8BE2-48A8-A4C1-47BE30D226F0}
	EndGlobalSection
EndGlobal
